
Microsoft Visual Studio Solution File, Format Version 12.00
# Visual Studio Version 16
VisualStudioVersion = 16.0.31702.278
MinimumVisualStudioVersion = 10.0.40219.1
Project("{9A19103F-16F7-4668-BE54-9A1E7A4F7556}") = "GestionAcademica.Web", "GestionAcademica.Web\GestionAcademica.Web.csproj", "{F21AC293-F7A2-4757-AF1C-5DC31DE22200}"
EndProject
Project("{9A19103F-16F7-4668-BE54-9A1E7A4F7556}") = "GestionAcademica.API", "GestionAcademica.API\GestionAcademica.API.csproj", "{FA752FF7-3585-478A-9D87-99BE04F22501}"
EndProject
Global
	GlobalSection(SolutionConfigurationPlatforms) = preSolution
		Debug|Any CPU = Debug|Any CPU
		Release|Any CPU = Release|Any CPU
	EndGlobalSection
	GlobalSection(ProjectConfigurationPlatforms) = postSolution
		{F21AC293-F7A2-4757-AF1C-5DC31DE22200}.Debug|Any CPU.ActiveCfg = Debug|Any CPU
		{F21AC293-F7A2-4757-AF1C-5DC31DE22200}.Debug|Any CPU.Build.0 = Debug|Any CPU
		{F21AC293-F7A2-4757-AF1C-5DC31DE22200}.Release|Any CPU.ActiveCfg = Release|Any CPU
		{F21AC293-F7A2-4757-AF1C-5DC31DE22200}.Release|Any CPU.Build.0 = Release|Any CPU
		{FA752FF7-3585-478A-9D87-99BE04F22501}.Debug|Any CPU.ActiveCfg = Debug|Any CPU
		{FA752FF7-3585-478A-9D87-99BE04F22501}.Debug|Any CPU.Build.0 = Debug|Any CPU
		{FA752FF7-3585-478A-9D87-99BE04F22501}.Release|Any CPU.ActiveCfg = Release|Any CPU
		{FA752FF7-3585-478A-9D87-99BE04F22501}.Release|Any CPU.Build.0 = Release|Any CPU
	EndGlobalSection
	GlobalSection(SolutionProperties) = preSolution
		HideSolutionNode = FALSE
	EndGlobalSection
	GlobalSection(ExtensibilityGlobals) = postSolution
		SolutionGuid = {9030AA29-BB43-40E8-91C5-7B7C5BEAB489}
	EndGlobalSection
EndGlobal
